
Microsoft Visual Studio Solution File, Format Version 12.00
# Visual Studio Version 17
VisualStudioVersion = 17.7.34031.279
MinimumVisualStudioVersion = 10.0.40219.1
Project("{9A19103F-16F7-4668-BE54-9A1E7A4F7556}") = "MusicPlayer", "MusicPlayer\MusicPlayer.csproj", "{83F1294C-F5BC-4A09-9611-1380F7BAD577}"
EndProject
Project("{9A19103F-16F7-4668-BE54-9A1E7A4F7556}") = "WaveViewer", "WaveViewer\WaveViewer.csproj", "{33EF7D50-618E-4E0D-A477-4CC818C330CF}"
EndProject
Project("{9A19103F-16F7-4668-BE54-9A1E7A4F7556}") = "WaveViewerEx", "WaveViewerEx\WaveViewerEx.csproj", "{C6F76444-1538-4323-8AD9-72CC0C891F6A}"
EndProject
Global
	GlobalSection(SolutionConfigurationPlatforms) = preSolution
		Debug|Any CPU = Debug|Any CPU
		Release|Any CPU = Release|Any CPU
	EndGlobalSection
	GlobalSection(ProjectConfigurationPlatforms) = postSolution
		{83F1294C-F5BC-4A09-9611-1380F7BAD577}.Debug|Any CPU.ActiveCfg = Debug|Any CPU
		{83F1294C-F5BC-4A09-9611-1380F7BAD577}.Debug|Any CPU.Build.0 = Debug|Any CPU
		{83F1294C-F5BC-4A09-9611-1380F7BAD577}.Release|Any CPU.ActiveCfg = Release|Any CPU
		{83F1294C-F5BC-4A09-9611-1380F7BAD577}.Release|Any CPU.Build.0 = Release|Any CPU
		{33EF7D50-618E-4E0D-A477-4CC818C330CF}.Debug|Any CPU.ActiveCfg = Debug|Any CPU
		{33EF7D50-618E-4E0D-A477-4CC818C330CF}.Debug|Any CPU.Build.0 = Debug|Any CPU
		{33EF7D50-618E-4E0D-A477-4CC818C330CF}.Release|Any CPU.ActiveCfg = Release|Any CPU
		{33EF7D50-618E-4E0D-A477-4CC818C330CF}.Release|Any CPU.Build.0 = Release|Any CPU
		{C6F76444-1538-4323-8AD9-72CC0C891F6A}.Debug|Any CPU.ActiveCfg = Debug|Any CPU
		{C6F76444-1538-4323-8AD9-72CC0C891F6A}.Debug|Any CPU.Build.0 = Debug|Any CPU
		{C6F76444-1538-4323-8AD9-72CC0C891F6A}.Release|Any CPU.ActiveCfg = Release|Any CPU
		{C6F76444-1538-4323-8AD9-72CC0C891F6A}.Release|Any CPU.Build.0 = Release|Any CPU
	EndGlobalSection
	GlobalSection(SolutionProperties) = preSolution
		HideSolutionNode = FALSE
	EndGlobalSection
	GlobalSection(ExtensibilityGlobals) = postSolution
		SolutionGuid = {263B64E0-4AA5-4509-A7F0-D4422B1B7D69}
	EndGlobalSection
EndGlobal
